
Microsoft Visual Studio Solution File, Format Version 12.00
# Visual Studio Version 16
VisualStudioVersion = 16.0.30114.105
MinimumVisualStudioVersion = 10.0.40219.1
Project("{FAE04EC0-301F-11D3-BF4B-00C04F79EFBC}") = "API", "API\API.csproj", "{A1AC8AFD-30A0-4FA9-97C1-5F2624C18AA3}"
EndProject
Project("{FAE04EC0-301F-11D3-BF4B-00C04F79EFBC}") = "Application", "Application\Application.csproj", "{75B6186E-DFA1-4EE6-A081-856CF045D6D2}"
EndProject
Project("{FAE04EC0-301F-11D3-BF4B-00C04F79EFBC}") = "Domain", "Domain\Domain.csproj", "{C26C35C9-2CDD-42D1-BD84-AC0B761590F5}"
EndProject
Project("{FAE04EC0-301F-11D3-BF4B-00C04F79EFBC}") = "Presistence", "Presistence\Presistence.csproj", "{FC220BCE-2915-4ABC-BA0F-6FB637D77752}"
EndProject
Global
	GlobalSection(SolutionConfigurationPlatforms) = preSolution
		Debug|Any CPU = Debug|Any CPU
		Debug|x64 = Debug|x64
		Debug|x86 = Debug|x86
		Release|Any CPU = Release|Any CPU
		Release|x64 = Release|x64
		Release|x86 = Release|x86
	EndGlobalSection
	GlobalSection(SolutionProperties) = preSolution
		HideSolutionNode = FALSE
	EndGlobalSection
	GlobalSection(ProjectConfigurationPlatforms) = postSolution
		{A1AC8AFD-30A0-4FA9-97C1-5F2624C18AA3}.Debug|Any CPU.ActiveCfg = Debug|Any CPU
		{A1AC8AFD-30A0-4FA9-97C1-5F2624C18AA3}.Debug|Any CPU.Build.0 = Debug|Any CPU
		{A1AC8AFD-30A0-4FA9-97C1-5F2624C18AA3}.Debug|x64.ActiveCfg = Debug|Any CPU
		{A1AC8AFD-30A0-4FA9-97C1-5F2624C18AA3}.Debug|x64.Build.0 = Debug|Any CPU
		{A1AC8AFD-30A0-4FA9-97C1-5F2624C18AA3}.Debug|x86.ActiveCfg = Debug|Any CPU
		{A1AC8AFD-30A0-4FA9-97C1-5F2624C18AA3}.Debug|x86.Build.0 = Debug|Any CPU
		{A1AC8AFD-30A0-4FA9-97C1-5F2624C18AA3}.Release|Any CPU.ActiveCfg = Release|Any CPU
		{A1AC8AFD-30A0-4FA9-97C1-5F2624C18AA3}.Release|Any CPU.Build.0 = Release|Any CPU
		{A1AC8AFD-30A0-4FA9-97C1-5F2624C18AA3}.Release|x64.ActiveCfg = Release|Any CPU
		{A1AC8AFD-30A0-4FA9-97C1-5F2624C18AA3}.Release|x64.Build.0 = Release|Any CPU
		{A1AC8AFD-30A0-4FA9-97C1-5F2624C18AA3}.Release|x86.ActiveCfg = Release|Any CPU
		{A1AC8AFD-30A0-4FA9-97C1-5F2624C18AA3}.Release|x86.Build.0 = Release|Any CPU
		{75B6186E-DFA1-4EE6-A081-856CF045D6D2}.Debug|Any CPU.ActiveCfg = Debug|Any CPU
		{75B6186E-DFA1-4EE6-A081-856CF045D6D2}.Debug|Any CPU.Build.0 = Debug|Any CPU
		{75B6186E-DFA1-4EE6-A081-856CF045D6D2}.Debug|x64.ActiveCfg = Debug|Any CPU
		{75B6186E-DFA1-4EE6-A081-856CF045D6D2}.Debug|x64.Build.0 = Debug|Any CPU
		{75B6186E-DFA1-4EE6-A081-856CF045D6D2}.Debug|x86.ActiveCfg = Debug|Any CPU
		{75B6186E-DFA1-4EE6-A081-856CF045D6D2}.Debug|x86.Build.0 = Debug|Any CPU
		{75B6186E-DFA1-4EE6-A081-856CF045D6D2}.Release|Any CPU.ActiveCfg = Release|Any CPU
		{75B6186E-DFA1-4EE6-A081-856CF045D6D2}.Release|Any CPU.Build.0 = Release|Any CPU
		{75B6186E-DFA1-4EE6-A081-856CF045D6D2}.Release|x64.ActiveCfg = Release|Any CPU
		{75B6186E-DFA1-4EE6-A081-856CF045D6D2}.Release|x64.Build.0 = Release|Any CPU
		{75B6186E-DFA1-4EE6-A081-856CF045D6D2}.Release|x86.ActiveCfg = Release|Any CPU
		{75B6186E-DFA1-4EE6-A081-856CF045D6D2}.Release|x86.Build.0 = Release|Any CPU
		{C26C35C9-2CDD-42D1-BD84-AC0B761590F5}.Debug|Any CPU.ActiveCfg = Debug|Any CPU
		{C26C35C9-2CDD-42D1-BD84-AC0B761590F5}.Debug|Any CPU.Build.0 = Debug|Any CPU
		{C26C35C9-2CDD-42D1-BD84-AC0B761590F5}.Debug|x64.ActiveCfg = Debug|Any CPU
		{C26C35C9-2CDD-42D1-BD84-AC0B761590F5}.Debug|x64.Build.0 = Debug|Any CPU
		{C26C35C9-2CDD-42D1-BD84-AC0B761590F5}.Debug|x86.ActiveCfg = Debug|Any CPU
		{C26C35C9-2CDD-42D1-BD84-AC0B761590F5}.Debug|x86.Build.0 = Debug|Any CPU
		{C26C35C9-2CDD-42D1-BD84-AC0B761590F5}.Release|Any CPU.ActiveCfg = Release|Any CPU
		{C26C35C9-2CDD-42D1-BD84-AC0B761590F5}.Release|Any CPU.Build.0 = Release|Any CPU
		{C26C35C9-2CDD-42D1-BD84-AC0B761590F5}.Release|x64.ActiveCfg = Release|Any CPU
		{C26C35C9-2CDD-42D1-BD84-AC0B761590F5}.Release|x64.Build.0 = Release|Any CPU
		{C26C35C9-2CDD-42D1-BD84-AC0B761590F5}.Release|x86.ActiveCfg = Release|Any CPU
		{C26C35C9-2CDD-42D1-BD84-AC0B761590F5}.Release|x86.Build.0 = Release|Any CPU
		{FC220BCE-2915-4ABC-BA0F-6FB637D77752}.Debug|Any CPU.ActiveCfg = Debug|Any CPU
		{FC220BCE-2915-4ABC-BA0F-6FB637D77752}.Debug|Any CPU.Build.0 = Debug|Any CPU
		{FC220BCE-2915-4ABC-BA0F-6FB637D77752}.Debug|x64.ActiveCfg = Debug|Any CPU
		{FC220BCE-2915-4ABC-BA0F-6FB637D77752}.Debug|x64.Build.0 = Debug|Any CPU
		{FC220BCE-2915-4ABC-BA0F-6FB637D77752}.Debug|x86.ActiveCfg = Debug|Any CPU
		{FC220BCE-2915-4ABC-BA0F-6FB637D77752}.Debug|x86.Build.0 = Debug|Any CPU
		{FC220BCE-2915-4ABC-BA0F-6FB637D77752}.Release|Any CPU.ActiveCfg = Release|Any CPU
		{FC220BCE-2915-4ABC-BA0F-6FB637D77752}.Release|Any CPU.Build.0 = Release|Any CPU
		{FC220BCE-2915-4ABC-BA0F-6FB637D77752}.Release|x64.ActiveCfg = Release|Any CPU
		{FC220BCE-2915-4ABC-BA0F-6FB637D77752}.Release|x64.Build.0 = Release|Any CPU
		{FC220BCE-2915-4ABC-BA0F-6FB637D77752}.Release|x86.ActiveCfg = Release|Any CPU
		{FC220BCE-2915-4ABC-BA0F-6FB637D77752}.Release|x86.Build.0 = Release|Any CPU
	EndGlobalSection
EndGlobal
